
Microsoft Visual Studio Solution File, Format Version 12.00
# Visual Studio Version 17
VisualStudioVersion = 17.0.31903.59
MinimumVisualStudioVersion = 10.0.40219.1
Project("{FAE04EC0-301F-11D3-BF4B-00C04F79EFBC}") = "StringJoinExtensions", "sources\StringJoinExtensions\StringJoinExtensions.csproj", "{AEDCD3D7-D349-48D2-8FC3-6D212D48CC20}"
EndProject
Project("{FAE04EC0-301F-11D3-BF4B-00C04F79EFBC}") = "StringJoinExtensionsTests", "tests\StringJoinExtensionsTests\StringJoinExtensionsTests.csproj", "{4FA2D94E-5147-4426-B738-2775921BF99D}"
EndProject
Global
	GlobalSection(SolutionConfigurationPlatforms) = preSolution
		Debug|Any CPU = Debug|Any CPU
		Release|Any CPU = Release|Any CPU
	EndGlobalSection
	GlobalSection(ProjectConfigurationPlatforms) = postSolution
		{AEDCD3D7-D349-48D2-8FC3-6D212D48CC20}.Debug|Any CPU.ActiveCfg = Debug|Any CPU
		{AEDCD3D7-D349-48D2-8FC3-6D212D48CC20}.Debug|Any CPU.Build.0 = Debug|Any CPU
		{AEDCD3D7-D349-48D2-8FC3-6D212D48CC20}.Release|Any CPU.ActiveCfg = Release|Any CPU
		{AEDCD3D7-D349-48D2-8FC3-6D212D48CC20}.Release|Any CPU.Build.0 = Release|Any CPU
		{4FA2D94E-5147-4426-B738-2775921BF99D}.Debug|Any CPU.ActiveCfg = Debug|Any CPU
		{4FA2D94E-5147-4426-B738-2775921BF99D}.Debug|Any CPU.Build.0 = Debug|Any CPU
		{4FA2D94E-5147-4426-B738-2775921BF99D}.Release|Any CPU.ActiveCfg = Release|Any CPU
		{4FA2D94E-5147-4426-B738-2775921BF99D}.Release|Any CPU.Build.0 = Release|Any CPU
	EndGlobalSection
	GlobalSection(SolutionProperties) = preSolution
		HideSolutionNode = FALSE
	EndGlobalSection
	GlobalSection(ExtensibilityGlobals) = postSolution
		SolutionGuid = {92AE2055-AD5D-470D-A485-A8CF5E3364BF}
	EndGlobalSection
EndGlobal
